
Microsoft Visual Studio Solution File, Format Version 12.00
# Visual Studio Version 16
VisualStudioVersion = 16.0.30517.126
MinimumVisualStudioVersion = 10.0.40219.1
Project("{9A19103F-16F7-4668-BE54-9A1E7A4F7556}") = "Blogmenia", "Blogmenia\Blogmenia.csproj", "{CBD74EAD-DD29-4F31-A1CA-52708FF04D85}"
EndProject
Project("{9A19103F-16F7-4668-BE54-9A1E7A4F7556}") = "Blogmenia.Core", "Blogmenia.Core\Blogmenia.Core.csproj", "{968B7B74-A244-4D49-AAFE-072EF4EBC696}"
EndProject
Project("{9A19103F-16F7-4668-BE54-9A1E7A4F7556}") = "Blogmenia.Data", "Blogmenia.Data\Blogmenia.Data.csproj", "{CE9EBD53-9789-4207-9861-BEDF5B0118E5}"
EndProject
Global
	GlobalSection(SolutionConfigurationPlatforms) = preSolution
		Debug|Any CPU = Debug|Any CPU
		Release|Any CPU = Release|Any CPU
	EndGlobalSection
	GlobalSection(ProjectConfigurationPlatforms) = postSolution
		{CBD74EAD-DD29-4F31-A1CA-52708FF04D85}.Debug|Any CPU.ActiveCfg = Debug|Any CPU
		{CBD74EAD-DD29-4F31-A1CA-52708FF04D85}.Debug|Any CPU.Build.0 = Debug|Any CPU
		{CBD74EAD-DD29-4F31-A1CA-52708FF04D85}.Release|Any CPU.ActiveCfg = Release|Any CPU
		{CBD74EAD-DD29-4F31-A1CA-52708FF04D85}.Release|Any CPU.Build.0 = Release|Any CPU
		{968B7B74-A244-4D49-AAFE-072EF4EBC696}.Debug|Any CPU.ActiveCfg = Debug|Any CPU
		{968B7B74-A244-4D49-AAFE-072EF4EBC696}.Debug|Any CPU.Build.0 = Debug|Any CPU
		{968B7B74-A244-4D49-AAFE-072EF4EBC696}.Release|Any CPU.ActiveCfg = Release|Any CPU
		{968B7B74-A244-4D49-AAFE-072EF4EBC696}.Release|Any CPU.Build.0 = Release|Any CPU
		{CE9EBD53-9789-4207-9861-BEDF5B0118E5}.Debug|Any CPU.ActiveCfg = Debug|Any CPU
		{CE9EBD53-9789-4207-9861-BEDF5B0118E5}.Debug|Any CPU.Build.0 = Debug|Any CPU
		{CE9EBD53-9789-4207-9861-BEDF5B0118E5}.Release|Any CPU.ActiveCfg = Release|Any CPU
		{CE9EBD53-9789-4207-9861-BEDF5B0118E5}.Release|Any CPU.Build.0 = Release|Any CPU
	EndGlobalSection
	GlobalSection(SolutionProperties) = preSolution
		HideSolutionNode = FALSE
	EndGlobalSection
	GlobalSection(ExtensibilityGlobals) = postSolution
		SolutionGuid = {814E3CF3-536E-4AAD-A183-D724A3F2967C}
	EndGlobalSection
EndGlobal
